// !$*UTF8*$!
{
	archiveVersion = 1;
	classes = {
	};
	objectVersion = 46;
	objects = {

/* Begin PBXBuildFile section */
		0091D8F90E81B9330029341E /* OpenGL.framework in Frameworks */ = {isa = PBXBuildFile; fileRef = 0091D8F80E81B9330029341E /* OpenGL.framework */; };
		00B784B30FF439BC000DE1D7 /* Accelerate.framework in Frameworks */ = {isa = PBXBuildFile; fileRef = 00B784AF0FF439BC000DE1D7 /* Accelerate.framework */; };
		00B784B40FF439BC000DE1D7 /* AudioToolbox.framework in Frameworks */ = {isa = PBXBuildFile; fileRef = 00B784B00FF439BC000DE1D7 /* AudioToolbox.framework */; };
		00B784B50FF439BC000DE1D7 /* AudioUnit.framework in Frameworks */ = {isa = PBXBuildFile; fileRef = 00B784B10FF439BC000DE1D7 /* AudioUnit.framework */; };
		00B784B60FF439BC000DE1D7 /* CoreAudio.framework in Frameworks */ = {isa = PBXBuildFile; fileRef = 00B784B20FF439BC000DE1D7 /* CoreAudio.framework */; };
		074E91487AC34351AC4343DB /* WebSocketClient.cpp in Sources */ = {isa = PBXBuildFile; fileRef = 041C1BAC4C654BA7B8C0E904 /* WebSocketClient.cpp */; };
		0B619E8E832B4AA9A9B7556E /* CinderApp.icns in Resources */ = {isa = PBXBuildFile; fileRef = E95B9DD39DCC434E88C6F0E6 /* CinderApp.icns */; };
		435E1B779C0B4305BB84DF69 /* WebSocketServer.cpp in Sources */ = {isa = PBXBuildFile; fileRef = 4DA33A6A702742FF9737AD9A /* WebSocketServer.cpp */; };
		5323E6B20EAFCA74003A9687 /* CoreVideo.framework in Frameworks */ = {isa = PBXBuildFile; fileRef = 5323E6B10EAFCA74003A9687 /* CoreVideo.framework */; };
		5323E6B60EAFCA7E003A9687 /* QTKit.framework in Frameworks */ = {isa = PBXBuildFile; fileRef = 5323E6B50EAFCA7E003A9687 /* QTKit.framework */; };
		56C6B2861569480BADC572A5 /* WebSocketConnection.cpp in Sources */ = {isa = PBXBuildFile; fileRef = 879F1CD457AD408AA124E45C /* WebSocketConnection.cpp */; };
		57034B2247C94B3683CB0600 /* ciSpaceBrew.cpp in Sources */ = {isa = PBXBuildFile; fileRef = 3CEC7E08EA354458A1E7BB38 /* ciSpaceBrew.cpp */; };
		5DD4222044C1466CBE50AB3C /* sha1.cpp in Sources */ = {isa = PBXBuildFile; fileRef = B5374175EA4746E89AAA011E /* sha1.cpp */; };
		8D11072F0486CEB800E47090 /* Cocoa.framework in Frameworks */ = {isa = PBXBuildFile; fileRef = 1058C7A1FEA54F0111CA2CBB /* Cocoa.framework */; };
		ECFCEE9D804A4CE685D9F2C7 /* SpacebrewTemplate.cpp in Sources */ = {isa = PBXBuildFile; fileRef = CE74AE5317DE42309C87EC13 /* SpacebrewTemplate.cpp */; };
/* End PBXBuildFile section */

/* Begin PBXFileReference section */
		0091D8F80E81B9330029341E /* OpenGL.framework */ = {isa = PBXFileReference; lastKnownFileType = wrapper.framework; name = OpenGL.framework; path = /System/Library/Frameworks/OpenGL.framework; sourceTree = "<absolute>"; };
		00B784AF0FF439BC000DE1D7 /* Accelerate.framework */ = {isa = PBXFileReference; lastKnownFileType = wrapper.framework; name = Accelerate.framework; path = System/Library/Frameworks/Accelerate.framework; sourceTree = SDKROOT; };
		00B784B00FF439BC000DE1D7 /* AudioToolbox.framework */ = {isa = PBXFileReference; lastKnownFileType = wrapper.framework; name = AudioToolbox.framework; path = System/Library/Frameworks/AudioToolbox.framework; sourceTree = SDKROOT; };
		00B784B10FF439BC000DE1D7 /* AudioUnit.framework */ = {isa = PBXFileReference; lastKnownFileType = wrapper.framework; name = AudioUnit.framework; path = System/Library/Frameworks/AudioUnit.framework; sourceTree = SDKROOT; };
		00B784B20FF439BC000DE1D7 /* CoreAudio.framework */ = {isa = PBXFileReference; lastKnownFileType = wrapper.framework; name = CoreAudio.framework; path = System/Library/Frameworks/CoreAudio.framework; sourceTree = SDKROOT; };
		039B13D198524A0C8A7C2D6E /* md5.h */ = {isa = PBXFileReference; lastKnownFileType = sourcecode.c.h; name = md5.h; path = "../../../../Cinder-WebSocketPP/src/websocketpp/md5/md5.h"; sourceTree = "<group>"; };
		041C1BAC4C654BA7B8C0E904 /* WebSocketClient.cpp */ = {isa = PBXFileReference; lastKnownFileType = sourcecode.c.cpp; name = WebSocketClient.cpp; path = "../../../../Cinder-WebSocketPP/src/WebSocketClient.cpp"; sourceTree = "<group>"; };
		0D140183A703493585045AD7 /* connection.hpp */ = {isa = PBXFileReference; lastKnownFileType = "\"\""; name = connection.hpp; path = "../../../../Cinder-WebSocketPP/src/websocketpp/connection.hpp"; sourceTree = "<group>"; };
		1058C7A1FEA54F0111CA2CBB /* Cocoa.framework */ = {isa = PBXFileReference; lastKnownFileType = wrapper.framework; name = Cocoa.framework; path = /System/Library/Frameworks/Cocoa.framework; sourceTree = "<absolute>"; };
		23C6C9C63EDD4CF492D181B3 /* base64.h */ = {isa = PBXFileReference; lastKnownFileType = sourcecode.c.h; name = base64.h; path = "../../../../Cinder-WebSocketPP/src/websocketpp/base64/base64.h"; sourceTree = "<group>"; };
		29B97324FDCFA39411CA2CEA /* AppKit.framework */ = {isa = PBXFileReference; lastKnownFileType = wrapper.framework; name = AppKit.framework; path = /System/Library/Frameworks/AppKit.framework; sourceTree = "<absolute>"; };
		29B97325FDCFA39411CA2CEA /* Foundation.framework */ = {isa = PBXFileReference; lastKnownFileType = wrapper.framework; name = Foundation.framework; path = /System/Library/Frameworks/Foundation.framework; sourceTree = "<absolute>"; };
		3276C289F9E447218791B1A3 /* uri.hpp */ = {isa = PBXFileReference; lastKnownFileType = "\"\""; name = uri.hpp; path = "../../../../Cinder-WebSocketPP/src/websocketpp/uri.hpp"; sourceTree = "<group>"; };
		346F4D9E02FA4852AAC448E5 /* endpoint.hpp */ = {isa = PBXFileReference; lastKnownFileType = "\"\""; name = endpoint.hpp; path = "../../../../Cinder-WebSocketPP/src/websocketpp/endpoint.hpp"; sourceTree = "<group>"; };
		3CEC7E08EA354458A1E7BB38 /* ciSpaceBrew.cpp */ = {isa = PBXFileReference; lastKnownFileType = sourcecode.c.cpp; name = ciSpaceBrew.cpp; path = ../../../src/ciSpaceBrew.cpp; sourceTree = "<group>"; };
		40297CAB9976435E8A2C443B /* error.hpp */ = {isa = PBXFileReference; lastKnownFileType = "\"\""; name = error.hpp; path = "../../../../Cinder-WebSocketPP/src/websocketpp/error.hpp"; sourceTree = "<group>"; };
		4501C638013E486893BDA614 /* utf8_validator.hpp */ = {isa = PBXFileReference; lastKnownFileType = "\"\""; name = utf8_validator.hpp; path = "../../../../Cinder-WebSocketPP/src/websocketpp/utf8_validator.hpp"; sourceTree = "<group>"; };
		4DA33A6A702742FF9737AD9A /* WebSocketServer.cpp */ = {isa = PBXFileReference; lastKnownFileType = sourcecode.c.cpp; name = WebSocketServer.cpp; path = "../../../../Cinder-WebSocketPP/src/WebSocketServer.cpp"; sourceTree = "<group>"; };
		5323E6B10EAFCA74003A9687 /* CoreVideo.framework */ = {isa = PBXFileReference; lastKnownFileType = wrapper.framework; name = CoreVideo.framework; path = /System/Library/Frameworks/CoreVideo.framework; sourceTree = "<absolute>"; };
		5323E6B50EAFCA7E003A9687 /* QTKit.framework */ = {isa = PBXFileReference; lastKnownFileType = wrapper.framework; name = QTKit.framework; path = /System/Library/Frameworks/QTKit.framework; sourceTree = "<absolute>"; };
		631AED65E4BF4F94AA8AFEF4 /* Resources.h */ = {isa = PBXFileReference; lastKnownFileType = sourcecode.c.h; name = Resources.h; path = ../include/Resources.h; sourceTree = "<group>"; };
		6389929067CB43048B098A00 /* common.hpp */ = {isa = PBXFileReference; lastKnownFileType = "\"\""; name = common.hpp; path = "../../../../Cinder-WebSocketPP/src/websocketpp/common.hpp"; sourceTree = "<group>"; };
		6FF0A8281FE04CE6ADD28A60 /* client.hpp */ = {isa = PBXFileReference; lastKnownFileType = "\"\""; name = client.hpp; path = "../../../../Cinder-WebSocketPP/src/websocketpp/client.hpp"; sourceTree = "<group>"; };
		7D3B2F2FC1A74C1184F39FC8 /* example_Template_Prefix.pch */ = {isa = PBXFileReference; lastKnownFileType = "\"\""; path = example_Template_Prefix.pch; sourceTree = "<group>"; };
		82B349B6DB454009B093B541 /* utilities.hpp */ = {isa = PBXFileReference; lastKnownFileType = "\"\""; name = utilities.hpp; path = "../../../../Cinder-WebSocketPP/src/websocketpp/utilities.hpp"; sourceTree = "<group>"; };
		8690EB7BD1CE47B795EA6D2F /* Info.plist */ = {isa = PBXFileReference; lastKnownFileType = text.plist.xml; path = Info.plist; sourceTree = "<group>"; };
		879F1CD457AD408AA124E45C /* WebSocketConnection.cpp */ = {isa = PBXFileReference; lastKnownFileType = sourcecode.c.cpp; name = WebSocketConnection.cpp; path = "../../../../Cinder-WebSocketPP/src/WebSocketConnection.cpp"; sourceTree = "<group>"; };
		889B1DA2FD9648CE82AA1D3E /* close.hpp */ = {isa = PBXFileReference; lastKnownFileType = "\"\""; name = close.hpp; path = "../../../../Cinder-WebSocketPP/src/websocketpp/close.hpp"; sourceTree = "<group>"; };
		8C417F5C296F46749B8DFB04 /* ciSpaceBrew.h */ = {isa = PBXFileReference; lastKnownFileType = sourcecode.c.h; name = ciSpaceBrew.h; path = ../../../src/ciSpaceBrew.h; sourceTree = "<group>"; };
		8D1107320486CEB800E47090 /* example_Template.app */ = {isa = PBXFileReference; explicitFileType = wrapper.application; includeInIndex = 0; path = example_Template.app; sourceTree = BUILT_PRODUCTS_DIR; };
		8E2225E3140C483E940774CE /* sha1.h */ = {isa = PBXFileReference; lastKnownFileType = sourcecode.c.h; name = sha1.h; path = "../../../../Cinder-WebSocketPP/src/websocketpp/sha1/sha1.h"; sourceTree = "<group>"; };
		9B1B996B55A1420DB3DFBEDB /* WebSocketClient.h */ = {isa = PBXFileReference; lastKnownFileType = sourcecode.c.h; name = WebSocketClient.h; path = "../../../../Cinder-WebSocketPP/src/WebSocketClient.h"; sourceTree = "<group>"; };
		A6599AEFD4634E0ABAA4413A /* endpoint_base.hpp */ = {isa = PBXFileReference; lastKnownFileType = "\"\""; name = endpoint_base.hpp; path = "../../../../Cinder-WebSocketPP/src/websocketpp/endpoint_base.hpp"; sourceTree = "<group>"; };
		A68AB6E9FA4044F2BEB24149 /* server.hpp */ = {isa = PBXFileReference; lastKnownFileType = "\"\""; name = server.hpp; path = "../../../../Cinder-WebSocketPP/src/websocketpp/server.hpp"; sourceTree = "<group>"; };
		B5374175EA4746E89AAA011E /* sha1.cpp */ = {isa = PBXFileReference; lastKnownFileType = sourcecode.c.cpp; name = sha1.cpp; path = "../../../../Cinder-WebSocketPP/src/websocketpp/sha1/sha1.cpp"; sourceTree = "<group>"; };
		C1887DDCBF704316AA6ED838 /* frame.hpp */ = {isa = PBXFileReference; lastKnownFileType = "\"\""; name = frame.hpp; path = "../../../../Cinder-WebSocketPP/src/websocketpp/frame.hpp"; sourceTree = "<group>"; };
		C5318E64FDE0480CBB9065A9 /* WebSocketConnection.h */ = {isa = PBXFileReference; lastKnownFileType = sourcecode.c.h; name = WebSocketConnection.h; path = "../../../../Cinder-WebSocketPP/src/WebSocketConnection.h"; sourceTree = "<group>"; };
		CE74AE5317DE42309C87EC13 /* SpacebrewTemplate.cpp */ = {isa = PBXFileReference; lastKnownFileType = sourcecode.cpp.cpp; name = SpacebrewTemplate.cpp; path = ../src/SpacebrewTemplate.cpp; sourceTree = "<group>"; };
		D278069A310D4974A46CCED6 /* connection_base.hpp */ = {isa = PBXFileReference; lastKnownFileType = "\"\""; name = connection_base.hpp; path = "../../../../Cinder-WebSocketPP/src/websocketpp/connection_base.hpp"; sourceTree = "<group>"; };
		DF869831DFBF45489389D8D0 /* WebSocketServer.h */ = {isa = PBXFileReference; lastKnownFileType = sourcecode.c.h; name = WebSocketServer.h; path = "../../../../Cinder-WebSocketPP/src/WebSocketServer.h"; sourceTree = "<group>"; };
		E95B9DD39DCC434E88C6F0E6 /* CinderApp.icns */ = {isa = PBXFileReference; lastKnownFileType = image.icns; name = CinderApp.icns; path = ../resources/CinderApp.icns; sourceTree = "<group>"; };
		EFB7960C2A0640EDBD7BA83E /* error_container.hpp */ = {isa = PBXFileReference; lastKnownFileType = "\"\""; name = error_container.hpp; path = "../../../../Cinder-WebSocketPP/src/websocketpp/error_container.hpp"; sourceTree = "<group>"; };
/* End PBXFileReference section */

/* Begin PBXFrameworksBuildPhase section */
		8D11072E0486CEB800E47090 /* Frameworks */ = {
			isa = PBXFrameworksBuildPhase;
			buildActionMask = 2147483647;
			files = (
				8D11072F0486CEB800E47090 /* Cocoa.framework in Frameworks */,
				0091D8F90E81B9330029341E /* OpenGL.framework in Frameworks */,
				5323E6B20EAFCA74003A9687 /* CoreVideo.framework in Frameworks */,
				5323E6B60EAFCA7E003A9687 /* QTKit.framework in Frameworks */,
				00B784B30FF439BC000DE1D7 /* Accelerate.framework in Frameworks */,
				00B784B40FF439BC000DE1D7 /* AudioToolbox.framework in Frameworks */,
				00B784B50FF439BC000DE1D7 /* AudioUnit.framework in Frameworks */,
				00B784B60FF439BC000DE1D7 /* CoreAudio.framework in Frameworks */,
			);
			runOnlyForDeploymentPostprocessing = 0;
		};
/* End PBXFrameworksBuildPhase section */

/* Begin PBXGroup section */
		00FEB8E2780542FAB9B31360 /* src */ = {
			isa = PBXGroup;
			children = (
				041C1BAC4C654BA7B8C0E904 /* WebSocketClient.cpp */,
				879F1CD457AD408AA124E45C /* WebSocketConnection.cpp */,
				4DA33A6A702742FF9737AD9A /* WebSocketServer.cpp */,
				9DAAEA84E5EC47988B5960AA /* websocketpp */,
				9B1B996B55A1420DB3DFBEDB /* WebSocketClient.h */,
				C5318E64FDE0480CBB9065A9 /* WebSocketConnection.h */,
				DF869831DFBF45489389D8D0 /* WebSocketServer.h */,
			);
			name = src;
			sourceTree = "<group>";
		};
		01B97315FEAEA392516A2CEA /* Blocks */ = {
			isa = PBXGroup;
			children = (
				DE339522587E4C71BBA8688E /* Cinder-WebSocketPP */,
				A7785F95A63C46259FB44AE0 /* Spacebrew */,
			);
			name = Blocks;
			sourceTree = "<group>";
		};
		080E96DDFE201D6D7F000001 /* Source */ = {
			isa = PBXGroup;
			children = (
				CE74AE5317DE42309C87EC13 /* SpacebrewTemplate.cpp */,
			);
			name = Source;
			sourceTree = "<group>";
		};
		1058C7A0FEA54F0111CA2CBB /* Linked Frameworks */ = {
			isa = PBXGroup;
			children = (
				00B784AF0FF439BC000DE1D7 /* Accelerate.framework */,
				00B784B00FF439BC000DE1D7 /* AudioToolbox.framework */,
				00B784B10FF439BC000DE1D7 /* AudioUnit.framework */,
				00B784B20FF439BC000DE1D7 /* CoreAudio.framework */,
				5323E6B50EAFCA7E003A9687 /* QTKit.framework */,
				5323E6B10EAFCA74003A9687 /* CoreVideo.framework */,
				0091D8F80E81B9330029341E /* OpenGL.framework */,
				1058C7A1FEA54F0111CA2CBB /* Cocoa.framework */,
			);
			name = "Linked Frameworks";
			sourceTree = "<group>";
		};
		1058C7A2FEA54F0111CA2CBB /* Other Frameworks */ = {
			isa = PBXGroup;
			children = (
				29B97324FDCFA39411CA2CEA /* AppKit.framework */,
				29B97325FDCFA39411CA2CEA /* Foundation.framework */,
			);
			name = "Other Frameworks";
			sourceTree = "<group>";
		};
		19C28FACFE9D520D11CA2CBB /* Products */ = {
			isa = PBXGroup;
			children = (
				8D1107320486CEB800E47090 /* example_Template.app */,
			);
			name = Products;
			sourceTree = "<group>";
		};
		29B97314FDCFA39411CA2CEA /* example_Template */ = {
			isa = PBXGroup;
			children = (
				01B97315FEAEA392516A2CEA /* Blocks */,
				29B97315FDCFA39411CA2CEA /* Headers */,
				080E96DDFE201D6D7F000001 /* Source */,
				29B97317FDCFA39411CA2CEA /* Resources */,
				29B97323FDCFA39411CA2CEA /* Frameworks */,
				19C28FACFE9D520D11CA2CBB /* Products */,
			);
			name = example_Template;
			sourceTree = "<group>";
		};
		29B97315FDCFA39411CA2CEA /* Headers */ = {
			isa = PBXGroup;
			children = (
				631AED65E4BF4F94AA8AFEF4 /* Resources.h */,
				7D3B2F2FC1A74C1184F39FC8 /* example_Template_Prefix.pch */,
			);
			name = Headers;
			sourceTree = "<group>";
		};
		29B97317FDCFA39411CA2CEA /* Resources */ = {
			isa = PBXGroup;
			children = (
				E95B9DD39DCC434E88C6F0E6 /* CinderApp.icns */,
				8690EB7BD1CE47B795EA6D2F /* Info.plist */,
			);
			name = Resources;
			sourceTree = "<group>";
		};
		29B97323FDCFA39411CA2CEA /* Frameworks */ = {
			isa = PBXGroup;
			children = (
				1058C7A0FEA54F0111CA2CBB /* Linked Frameworks */,
				1058C7A2FEA54F0111CA2CBB /* Other Frameworks */,
			);
			name = Frameworks;
			sourceTree = "<group>";
		};
		4A348E57A06945BBB272F86C /* sha1 */ = {
			isa = PBXGroup;
			children = (
				B5374175EA4746E89AAA011E /* sha1.cpp */,
				8E2225E3140C483E940774CE /* sha1.h */,
			);
			name = sha1;
			sourceTree = "<group>";
		};
		9576798F36E24E2F85F47E67 /* src */ = {
			isa = PBXGroup;
			children = (
				3CEC7E08EA354458A1E7BB38 /* ciSpaceBrew.cpp */,
				8C417F5C296F46749B8DFB04 /* ciSpaceBrew.h */,
			);
			name = src;
			sourceTree = "<group>";
		};
		9DAAEA84E5EC47988B5960AA /* websocketpp */ = {
			isa = PBXGroup;
			children = (
				4A348E57A06945BBB272F86C /* sha1 */,
				6FF0A8281FE04CE6ADD28A60 /* client.hpp */,
				889B1DA2FD9648CE82AA1D3E /* close.hpp */,
				6389929067CB43048B098A00 /* common.hpp */,
				0D140183A703493585045AD7 /* connection.hpp */,
				D278069A310D4974A46CCED6 /* connection_base.hpp */,
				346F4D9E02FA4852AAC448E5 /* endpoint.hpp */,
				A6599AEFD4634E0ABAA4413A /* endpoint_base.hpp */,
				40297CAB9976435E8A2C443B /* error.hpp */,
				EFB7960C2A0640EDBD7BA83E /* error_container.hpp */,
				C1887DDCBF704316AA6ED838 /* frame.hpp */,
				A68AB6E9FA4044F2BEB24149 /* server.hpp */,
				3276C289F9E447218791B1A3 /* uri.hpp */,
				4501C638013E486893BDA614 /* utf8_validator.hpp */,
				82B349B6DB454009B093B541 /* utilities.hpp */,
				DF755CF2DDF34EECAE7FA35A /* base64 */,
				B1E1B98DAC904F9D88AA7BB2 /* md5 */,
			);
			name = websocketpp;
			sourceTree = "<group>";
		};
		A7785F95A63C46259FB44AE0 /* Spacebrew */ = {
			isa = PBXGroup;
			children = (
				9576798F36E24E2F85F47E67 /* src */,
			);
			name = Spacebrew;
			sourceTree = "<group>";
		};
		B1E1B98DAC904F9D88AA7BB2 /* md5 */ = {
			isa = PBXGroup;
			children = (
				039B13D198524A0C8A7C2D6E /* md5.h */,
			);
			name = md5;
			sourceTree = "<group>";
		};
		DE339522587E4C71BBA8688E /* Cinder-WebSocketPP */ = {
			isa = PBXGroup;
			children = (
				00FEB8E2780542FAB9B31360 /* src */,
			);
			name = "Cinder-WebSocketPP";
			sourceTree = "<group>";
		};
		DF755CF2DDF34EECAE7FA35A /* base64 */ = {
			isa = PBXGroup;
			children = (
				23C6C9C63EDD4CF492D181B3 /* base64.h */,
			);
			name = base64;
			sourceTree = "<group>";
		};
/* End PBXGroup section */

/* Begin PBXNativeTarget section */
		8D1107260486CEB800E47090 /* example_Template */ = {
			isa = PBXNativeTarget;
			buildConfigurationList = C01FCF4A08A954540054247B /* Build configuration list for PBXNativeTarget "example_Template" */;
			buildPhases = (
				8D1107290486CEB800E47090 /* Resources */,
				8D11072C0486CEB800E47090 /* Sources */,
				8D11072E0486CEB800E47090 /* Frameworks */,
			);
			buildRules = (
			);
			dependencies = (
			);
			name = example_Template;
			productInstallPath = "$(HOME)/Applications";
			productName = example_Template;
			productReference = 8D1107320486CEB800E47090 /* example_Template.app */;
			productType = "com.apple.product-type.application";
		};
/* End PBXNativeTarget section */

/* Begin PBXProject section */
		29B97313FDCFA39411CA2CEA /* Project object */ = {
			isa = PBXProject;
			buildConfigurationList = C01FCF4E08A954540054247B /* Build configuration list for PBXProject "example_Template" */;
			compatibilityVersion = "Xcode 3.2";
			developmentRegion = English;
			hasScannedForEncodings = 1;
			knownRegions = (
				English,
				Japanese,
				French,
				German,
			);
			mainGroup = 29B97314FDCFA39411CA2CEA /* example_Template */;
			projectDirPath = "";
			projectRoot = "";
			targets = (
				8D1107260486CEB800E47090 /* example_Template */,
			);
		};
/* End PBXProject section */

/* Begin PBXResourcesBuildPhase section */
		8D1107290486CEB800E47090 /* Resources */ = {
			isa = PBXResourcesBuildPhase;
			buildActionMask = 2147483647;
			files = (
				0B619E8E832B4AA9A9B7556E /* CinderApp.icns in Resources */,
			);
			runOnlyForDeploymentPostprocessing = 0;
		};
/* End PBXResourcesBuildPhase section */

/* Begin PBXSourcesBuildPhase section */
		8D11072C0486CEB800E47090 /* Sources */ = {
			isa = PBXSourcesBuildPhase;
			buildActionMask = 2147483647;
			files = (
				ECFCEE9D804A4CE685D9F2C7 /* SpacebrewTemplate.cpp in Sources */,
				074E91487AC34351AC4343DB /* WebSocketClient.cpp in Sources */,
				56C6B2861569480BADC572A5 /* WebSocketConnection.cpp in Sources */,
				435E1B779C0B4305BB84DF69 /* WebSocketServer.cpp in Sources */,
				5DD4222044C1466CBE50AB3C /* sha1.cpp in Sources */,
				57034B2247C94B3683CB0600 /* ciSpaceBrew.cpp in Sources */,
			);
			runOnlyForDeploymentPostprocessing = 0;
		};
/* End PBXSourcesBuildPhase section */

/* Begin XCBuildConfiguration section */
		C01FCF4B08A954540054247B /* Debug */ = {
			isa = XCBuildConfiguration;
			buildSettings = {
				ARCHS = "$(ARCHS_STANDARD_32_64_BIT)";
				COMBINE_HIDPI_IMAGES = YES;
				COPY_PHASE_STRIP = NO;
				DEAD_CODE_STRIPPING = YES;
				GCC_DYNAMIC_NO_PIC = NO;
				GCC_INLINES_ARE_PRIVATE_EXTERN = YES;
				GCC_OPTIMIZATION_LEVEL = 0;
				GCC_PRECOMPILE_PREFIX_HEADER = YES;
				GCC_PREFIX_HEADER = example_Template_Prefix.pch;
				GCC_PREPROCESSOR_DEFINITIONS = (
					"DEBUG=1",
					"$(inherited)",
				);
				GCC_SYMBOLS_PRIVATE_EXTERN = NO;
				INFOPLIST_FILE = Info.plist;
				INSTALL_PATH = "$(HOME)/Applications";
				LIBRARY_SEARCH_PATHS = "\"../../../../Cinder-WebSocketPP/lib/macosx\"";
				OTHER_LDFLAGS = (
					"\"$(CINDER_PATH)/lib/libcinder_d.a\"",
					"\"../../../../Cinder-WebSocketPP/lib/macosx/libboost_random.a\"",
					"\"../../../../Cinder-WebSocketPP/lib/macosx/libboost_regex.a\"",
				);
				PRODUCT_NAME = example_Template;
				SDKROOT = "";
				SYMROOT = ./build;
				WRAPPER_EXTENSION = app;
			};
			name = Debug;
		};
		C01FCF4C08A954540054247B /* Release */ = {
			isa = XCBuildConfiguration;
			buildSettings = {
				ARCHS = "$(ARCHS_STANDARD_32_64_BIT)";
				COMBINE_HIDPI_IMAGES = YES;
				DEAD_CODE_STRIPPING = YES;
				DEBUG_INFORMATION_FORMAT = "dwarf-with-dsym";
				GCC_FAST_MATH = YES;
				GCC_GENERATE_DEBUGGING_SYMBOLS = NO;
				GCC_INLINES_ARE_PRIVATE_EXTERN = YES;
				GCC_OPTIMIZATION_LEVEL = 3;
				GCC_PRECOMPILE_PREFIX_HEADER = YES;
				GCC_PREFIX_HEADER = example_Template_Prefix.pch;
				GCC_SYMBOLS_PRIVATE_EXTERN = NO;
				INFOPLIST_FILE = Info.plist;
				INSTALL_PATH = "$(HOME)/Applications";
				LIBRARY_SEARCH_PATHS = "\"../../../../Cinder-WebSocketPP/lib/macosx\"";
				OTHER_LDFLAGS = (
					"\"$(CINDER_PATH)/lib/libcinder.a\"",
					"\"../../../../Cinder-WebSocketPP/lib/macosx/libboost_random.a\"",
					"\"../../../../Cinder-WebSocketPP/lib/macosx/libboost_regex.a\"",
				);
				PRODUCT_NAME = example_Template;
				SDKROOT = "";
				STRIP_INSTALLED_PRODUCT = YES;
				SYMROOT = ./build;
				WRAPPER_EXTENSION = app;
			};
			name = Release;
		};
		C01FCF4F08A954540054247B /* Debug */ = {
			isa = XCBuildConfiguration;
			buildSettings = {
				ALWAYS_SEARCH_USER_PATHS = YES;
				ARCHS = i386;
				CINDER_PATH = ../../../../..;
				CLANG_CXX_LANGUAGE_STANDARD = "c++0x";
				CLANG_CXX_LIBRARY = "libc++";
				GCC_WARN_ABOUT_RETURN_TYPE = YES;
				GCC_WARN_UNUSED_VARIABLE = YES;
				HEADER_SEARCH_PATHS = "\"$(CINDER_PATH)/boost\"";
				MACOSX_DEPLOYMENT_TARGET = 10.7;
				SDKROOT = macosx;
				USER_HEADER_SEARCH_PATHS = "\"$(CINDER_PATH)/include\" ../include \"../../../../Cinder-WebSocketPP/src\" ../../../src";
			};
			name = Debug;
		};
		C01FCF5008A954540054247B /* Release */ = {
			isa = XCBuildConfiguration;
			buildSettings = {
				ALWAYS_SEARCH_USER_PATHS = YES;
				ARCHS = i386;
				CINDER_PATH = ../../../../..;
				CLANG_CXX_LANGUAGE_STANDARD = "c++0x";
				CLANG_CXX_LIBRARY = "libc++";
				GCC_WARN_ABOUT_RETURN_TYPE = YES;
				GCC_WARN_UNUSED_VARIABLE = YES;
				HEADER_SEARCH_PATHS = "\"$(CINDER_PATH)/boost\"";
				MACOSX_DEPLOYMENT_TARGET = 10.7;
				SDKROOT = macosx;
				USER_HEADER_SEARCH_PATHS = "\"$(CINDER_PATH)/include\" ../include \"../../../../Cinder-WebSocketPP/src\" ../../../src";
			};
			name = Release;
		};
/* End XCBuildConfiguration section */

/* Begin XCConfigurationList section */
		C01FCF4A08A954540054247B /* Build configuration list for PBXNativeTarget "example_Template" */ = {
			isa = XCConfigurationList;
			buildConfigurations = (
				C01FCF4B08A954540054247B /* Debug */,
				C01FCF4C08A954540054247B /* Release */,
			);
			defaultConfigurationIsVisible = 0;
			defaultConfigurationName = Release;
		};
		C01FCF4E08A954540054247B /* Build configuration list for PBXProject "example_Template" */ = {
			isa = XCConfigurationList;
			buildConfigurations = (
				C01FCF4F08A954540054247B /* Debug */,
				C01FCF5008A954540054247B /* Release */,
			);
			defaultConfigurationIsVisible = 0;
			defaultConfigurationName = Release;
		};
/* End XCConfigurationList section */
	};
	rootObject = 29B97313FDCFA39411CA2CEA /* Project object */;
}
