// !$*UTF8*$!
{
	archiveVersion = 1;
	classes = {
	};
	objectVersion = 46;
	objects = {

/* Begin PBXBuildFile section */
		0091D8F90E81B9330029341E /* OpenGL.framework in Frameworks */ = {isa = PBXBuildFile; fileRef = 0091D8F80E81B9330029341E /* OpenGL.framework */; };
		0097E3E50F3E9819005A4392 /* QuickTime.framework in Frameworks */ = {isa = PBXBuildFile; fileRef = 0097E3E40F3E9819005A4392 /* QuickTime.framework */; };
		00C0735B0FF32F8B004801EA /* Accelerate.framework in Frameworks */ = {isa = PBXBuildFile; fileRef = 00C073570FF32F8B004801EA /* Accelerate.framework */; };
		00C0735C0FF32F8B004801EA /* AudioToolbox.framework in Frameworks */ = {isa = PBXBuildFile; fileRef = 00C073580FF32F8B004801EA /* AudioToolbox.framework */; };
		00C0735D0FF32F8B004801EA /* AudioUnit.framework in Frameworks */ = {isa = PBXBuildFile; fileRef = 00C073590FF32F8B004801EA /* AudioUnit.framework */; };
		00C0735E0FF32F8B004801EA /* CoreAudio.framework in Frameworks */ = {isa = PBXBuildFile; fileRef = 00C0735A0FF32F8B004801EA /* CoreAudio.framework */; };
		00E0B6150F60DE8F002C8FBD /* ApplicationServices.framework in Frameworks */ = {isa = PBXBuildFile; fileRef = 00E0B6140F60DE8F002C8FBD /* ApplicationServices.framework */; };
		00E9FF3515AFD8E800D02D22 /* CoreLocation.framework in Frameworks */ = {isa = PBXBuildFile; fileRef = 00E9FF3415AFD8E700D02D22 /* CoreLocation.framework */; };
		5323E6B20EAFCA74003A9687 /* CoreVideo.framework in Frameworks */ = {isa = PBXBuildFile; fileRef = 5323E6B10EAFCA74003A9687 /* CoreVideo.framework */; };
		5323E6B60EAFCA7E003A9687 /* QTKit.framework in Frameworks */ = {isa = PBXBuildFile; fileRef = 5323E6B50EAFCA7E003A9687 /* QTKit.framework */; };
		53E3CDFC0E86099300238D2B /* Carbon.framework in Frameworks */ = {isa = PBXBuildFile; fileRef = 53E3CDFB0E86099300238D2B /* Carbon.framework */; };
		8D11072F0486CEB800E47090 /* Cocoa.framework in Frameworks */ = {isa = PBXBuildFile; fileRef = 1058C7A1FEA54F0111CA2CBB /* Cocoa.framework */; };
		B37AF0881745DDC30034F35F /* ciSpaceBrew.cpp in Sources */ = {isa = PBXBuildFile; fileRef = B37AF0861745DDC30034F35F /* ciSpaceBrew.cpp */; };
		BF3B8D69173A19EA00377DF5 /* example_Button.cpp in Sources */ = {isa = PBXBuildFile; fileRef = BF3B8D68173A19EA00377DF5 /* example_Button.cpp */; };
		BF3B8D6B173A1A0000377DF5 /* CinderApp.icns in Resources */ = {isa = PBXBuildFile; fileRef = BF3B8D6A173A1A0000377DF5 /* CinderApp.icns */; };
		DD43E28F175679C7000FD414 /* libboost_random.a in Frameworks */ = {isa = PBXBuildFile; fileRef = DD43E1EA175679C6000FD414 /* libboost_random.a */; };
		DD43E290175679C7000FD414 /* libboost_regex.a in Frameworks */ = {isa = PBXBuildFile; fileRef = DD43E1EB175679C6000FD414 /* libboost_regex.a */; };
		DD43E291175679C7000FD414 /* libboost_random-vc110-mt-s-1_53.lib in Frameworks */ = {isa = PBXBuildFile; fileRef = DD43E1ED175679C6000FD414 /* libboost_random-vc110-mt-s-1_53.lib */; };
		DD43E292175679C7000FD414 /* libboost_random-vc110-mt-sgd-1_53.lib in Frameworks */ = {isa = PBXBuildFile; fileRef = DD43E1EE175679C6000FD414 /* libboost_random-vc110-mt-sgd-1_53.lib */; };
		DD43E2A4175679C7000FD414 /* WebSocketClient.cpp in Sources */ = {isa = PBXBuildFile; fileRef = DD43E212175679C7000FD414 /* WebSocketClient.cpp */; };
		DD43E2A5175679C7000FD414 /* WebSocketConnection.cpp in Sources */ = {isa = PBXBuildFile; fileRef = DD43E214175679C7000FD414 /* WebSocketConnection.cpp */; };
		DD43E2A6175679C7000FD414 /* base64.cpp in Sources */ = {isa = PBXBuildFile; fileRef = DD43E218175679C7000FD414 /* base64.cpp */; };
		DD43E2A7175679C7000FD414 /* md5.c in Sources */ = {isa = PBXBuildFile; fileRef = DD43E256175679C7000FD414 /* md5.c */; };
		DD43E2AF175679C7000FD414 /* WebSocketServer.cpp in Sources */ = {isa = PBXBuildFile; fileRef = DD43E28A175679C7000FD414 /* WebSocketServer.cpp */; };
/* End PBXBuildFile section */

/* Begin PBXFileReference section */
		0091D8F80E81B9330029341E /* OpenGL.framework */ = {isa = PBXFileReference; lastKnownFileType = wrapper.framework; name = OpenGL.framework; path = /System/Library/Frameworks/OpenGL.framework; sourceTree = "<absolute>"; };
		0097E3E40F3E9819005A4392 /* QuickTime.framework */ = {isa = PBXFileReference; lastKnownFileType = wrapper.framework; name = QuickTime.framework; path = /System/Library/Frameworks/QuickTime.framework; sourceTree = "<absolute>"; };
		00C073570FF32F8B004801EA /* Accelerate.framework */ = {isa = PBXFileReference; lastKnownFileType = wrapper.framework; name = Accelerate.framework; path = System/Library/Frameworks/Accelerate.framework; sourceTree = SDKROOT; };
		00C073580FF32F8B004801EA /* AudioToolbox.framework */ = {isa = PBXFileReference; lastKnownFileType = wrapper.framework; name = AudioToolbox.framework; path = System/Library/Frameworks/AudioToolbox.framework; sourceTree = SDKROOT; };
		00C073590FF32F8B004801EA /* AudioUnit.framework */ = {isa = PBXFileReference; lastKnownFileType = wrapper.framework; name = AudioUnit.framework; path = System/Library/Frameworks/AudioUnit.framework; sourceTree = SDKROOT; };
		00C0735A0FF32F8B004801EA /* CoreAudio.framework */ = {isa = PBXFileReference; lastKnownFileType = wrapper.framework; name = CoreAudio.framework; path = System/Library/Frameworks/CoreAudio.framework; sourceTree = SDKROOT; };
		00E0B6140F60DE8F002C8FBD /* ApplicationServices.framework */ = {isa = PBXFileReference; lastKnownFileType = wrapper.framework; name = ApplicationServices.framework; path = System/Library/Frameworks/ApplicationServices.framework; sourceTree = SDKROOT; };
		00E9FF3415AFD8E700D02D22 /* CoreLocation.framework */ = {isa = PBXFileReference; lastKnownFileType = wrapper.framework; name = CoreLocation.framework; path = System/Library/Frameworks/CoreLocation.framework; sourceTree = SDKROOT; };
		1058C7A1FEA54F0111CA2CBB /* Cocoa.framework */ = {isa = PBXFileReference; lastKnownFileType = wrapper.framework; name = Cocoa.framework; path = /System/Library/Frameworks/Cocoa.framework; sourceTree = "<absolute>"; };
		13E42FB307B3F0F600E4EEF1 /* CoreData.framework */ = {isa = PBXFileReference; lastKnownFileType = wrapper.framework; name = CoreData.framework; path = /System/Library/Frameworks/CoreData.framework; sourceTree = "<absolute>"; };
		29B97324FDCFA39411CA2CEA /* AppKit.framework */ = {isa = PBXFileReference; lastKnownFileType = wrapper.framework; name = AppKit.framework; path = /System/Library/Frameworks/AppKit.framework; sourceTree = "<absolute>"; };
		29B97325FDCFA39411CA2CEA /* Foundation.framework */ = {isa = PBXFileReference; lastKnownFileType = wrapper.framework; name = Foundation.framework; path = /System/Library/Frameworks/Foundation.framework; sourceTree = "<absolute>"; };
		5323E6B10EAFCA74003A9687 /* CoreVideo.framework */ = {isa = PBXFileReference; lastKnownFileType = wrapper.framework; name = CoreVideo.framework; path = /System/Library/Frameworks/CoreVideo.framework; sourceTree = "<absolute>"; };
		5323E6B50EAFCA7E003A9687 /* QTKit.framework */ = {isa = PBXFileReference; lastKnownFileType = wrapper.framework; name = QTKit.framework; path = /System/Library/Frameworks/QTKit.framework; sourceTree = "<absolute>"; };
		53E3CDFB0E86099300238D2B /* Carbon.framework */ = {isa = PBXFileReference; lastKnownFileType = wrapper.framework; name = Carbon.framework; path = /System/Library/Frameworks/Carbon.framework; sourceTree = "<absolute>"; };
		8D1107310486CEB800E47090 /* Info.plist */ = {isa = PBXFileReference; fileEncoding = 4; lastKnownFileType = text.plist.xml; path = Info.plist; sourceTree = "<group>"; };
		8D1107320486CEB800E47090 /* example_Button.app */ = {isa = PBXFileReference; explicitFileType = wrapper.application; includeInIndex = 0; path = example_Button.app; sourceTree = BUILT_PRODUCTS_DIR; };
		B37AF0861745DDC30034F35F /* ciSpaceBrew.cpp */ = {isa = PBXFileReference; fileEncoding = 4; lastKnownFileType = sourcecode.cpp.cpp; name = ciSpaceBrew.cpp; path = ../../../src/ciSpaceBrew.cpp; sourceTree = "<group>"; };
		B37AF0871745DDC30034F35F /* ciSpaceBrew.h */ = {isa = PBXFileReference; fileEncoding = 4; lastKnownFileType = sourcecode.c.h; name = ciSpaceBrew.h; path = ../../../src/ciSpaceBrew.h; sourceTree = "<group>"; };
		B399D1761745E09200CF0AA4 /* example_Button_Prefix.pch */ = {isa = PBXFileReference; fileEncoding = 4; lastKnownFileType = sourcecode.c.h; path = example_Button_Prefix.pch; sourceTree = "<group>"; };
		BF3B8D68173A19EA00377DF5 /* example_Button.cpp */ = {isa = PBXFileReference; fileEncoding = 4; lastKnownFileType = sourcecode.cpp.cpp; name = example_Button.cpp; path = ../src/example_Button.cpp; sourceTree = "<group>"; };
		BF3B8D6A173A1A0000377DF5 /* CinderApp.icns */ = {isa = PBXFileReference; lastKnownFileType = image.icns; path = CinderApp.icns; sourceTree = "<group>"; };
		DD43E1EA175679C6000FD414 /* libboost_random.a */ = {isa = PBXFileReference; lastKnownFileType = archive.ar; path = libboost_random.a; sourceTree = "<group>"; };
		DD43E1EB175679C6000FD414 /* libboost_regex.a */ = {isa = PBXFileReference; lastKnownFileType = archive.ar; path = libboost_regex.a; sourceTree = "<group>"; };
		DD43E1ED175679C6000FD414 /* libboost_random-vc110-mt-s-1_53.lib */ = {isa = PBXFileReference; lastKnownFileType = archive.ar; path = "libboost_random-vc110-mt-s-1_53.lib"; sourceTree = "<group>"; };
		DD43E1EE175679C6000FD414 /* libboost_random-vc110-mt-sgd-1_53.lib */ = {isa = PBXFileReference; lastKnownFileType = archive.ar; path = "libboost_random-vc110-mt-sgd-1_53.lib"; sourceTree = "<group>"; };
		DD43E212175679C7000FD414 /* WebSocketClient.cpp */ = {isa = PBXFileReference; fileEncoding = 4; lastKnownFileType = sourcecode.cpp.cpp; path = WebSocketClient.cpp; sourceTree = "<group>"; };
		DD43E213175679C7000FD414 /* WebSocketClient.h */ = {isa = PBXFileReference; fileEncoding = 4; lastKnownFileType = sourcecode.c.h; path = WebSocketClient.h; sourceTree = "<group>"; };
		DD43E214175679C7000FD414 /* WebSocketConnection.cpp */ = {isa = PBXFileReference; fileEncoding = 4; lastKnownFileType = sourcecode.cpp.cpp; path = WebSocketConnection.cpp; sourceTree = "<group>"; };
		DD43E215175679C7000FD414 /* WebSocketConnection.h */ = {isa = PBXFileReference; fileEncoding = 4; lastKnownFileType = sourcecode.c.h; path = WebSocketConnection.h; sourceTree = "<group>"; };
		DD43E218175679C7000FD414 /* base64.cpp */ = {isa = PBXFileReference; fileEncoding = 4; lastKnownFileType = sourcecode.cpp.cpp; path = base64.cpp; sourceTree = "<group>"; };
		DD43E219175679C7000FD414 /* base64.h */ = {isa = PBXFileReference; fileEncoding = 4; lastKnownFileType = sourcecode.c.h; path = base64.h; sourceTree = "<group>"; };
		DD43E21A175679C7000FD414 /* base64.hpp */ = {isa = PBXFileReference; fileEncoding = 4; lastKnownFileType = sourcecode.cpp.h; path = base64.hpp; sourceTree = "<group>"; };
		DD43E21B175679C7000FD414 /* client.hpp */ = {isa = PBXFileReference; fileEncoding = 4; lastKnownFileType = sourcecode.cpp.h; path = client.hpp; sourceTree = "<group>"; };
		DD43E21C175679C7000FD414 /* close.hpp */ = {isa = PBXFileReference; fileEncoding = 4; lastKnownFileType = sourcecode.cpp.h; path = close.hpp; sourceTree = "<group>"; };
		DD43E21E175679C7000FD414 /* chrono.hpp */ = {isa = PBXFileReference; fileEncoding = 4; lastKnownFileType = sourcecode.cpp.h; path = chrono.hpp; sourceTree = "<group>"; };
		DD43E21F175679C7000FD414 /* connection_hdl.hpp */ = {isa = PBXFileReference; fileEncoding = 4; lastKnownFileType = sourcecode.cpp.h; path = connection_hdl.hpp; sourceTree = "<group>"; };
		DD43E220175679C7000FD414 /* cpp11.hpp */ = {isa = PBXFileReference; fileEncoding = 4; lastKnownFileType = sourcecode.cpp.h; path = cpp11.hpp; sourceTree = "<group>"; };
		DD43E221175679C7000FD414 /* functional.hpp */ = {isa = PBXFileReference; fileEncoding = 4; lastKnownFileType = sourcecode.cpp.h; path = functional.hpp; sourceTree = "<group>"; };
		DD43E222175679C7000FD414 /* memory.hpp */ = {isa = PBXFileReference; fileEncoding = 4; lastKnownFileType = sourcecode.cpp.h; path = memory.hpp; sourceTree = "<group>"; };
		DD43E223175679C7000FD414 /* network.hpp */ = {isa = PBXFileReference; fileEncoding = 4; lastKnownFileType = sourcecode.cpp.h; path = network.hpp; sourceTree = "<group>"; };
		DD43E224175679C7000FD414 /* platforms.hpp */ = {isa = PBXFileReference; fileEncoding = 4; lastKnownFileType = sourcecode.cpp.h; path = platforms.hpp; sourceTree = "<group>"; };
		DD43E225175679C7000FD414 /* random.hpp */ = {isa = PBXFileReference; fileEncoding = 4; lastKnownFileType = sourcecode.cpp.h; path = random.hpp; sourceTree = "<group>"; };
		DD43E226175679C7000FD414 /* regex.hpp */ = {isa = PBXFileReference; fileEncoding = 4; lastKnownFileType = sourcecode.cpp.h; path = regex.hpp; sourceTree = "<group>"; };
		DD43E227175679C7000FD414 /* stdint.hpp */ = {isa = PBXFileReference; fileEncoding = 4; lastKnownFileType = sourcecode.cpp.h; path = stdint.hpp; sourceTree = "<group>"; };
		DD43E228175679C7000FD414 /* system_error.hpp */ = {isa = PBXFileReference; fileEncoding = 4; lastKnownFileType = sourcecode.cpp.h; path = system_error.hpp; sourceTree = "<group>"; };
		DD43E229175679C7000FD414 /* thread.hpp */ = {isa = PBXFileReference; fileEncoding = 4; lastKnownFileType = sourcecode.cpp.h; path = thread.hpp; sourceTree = "<group>"; };
		DD43E22A175679C7000FD414 /* common.hpp */ = {isa = PBXFileReference; fileEncoding = 4; lastKnownFileType = sourcecode.cpp.h; path = common.hpp; sourceTree = "<group>"; };
		DD43E22C175679C7000FD414 /* basic.hpp */ = {isa = PBXFileReference; fileEncoding = 4; lastKnownFileType = sourcecode.cpp.h; path = basic.hpp; sourceTree = "<group>"; };
		DD43E22D175679C7000FD414 /* none.hpp */ = {isa = PBXFileReference; fileEncoding = 4; lastKnownFileType = sourcecode.cpp.h; path = none.hpp; sourceTree = "<group>"; };
		DD43E22F175679C7000FD414 /* asio.hpp */ = {isa = PBXFileReference; fileEncoding = 4; lastKnownFileType = sourcecode.cpp.h; path = asio.hpp; sourceTree = "<group>"; };
		DD43E230175679C7000FD414 /* asio_client.hpp */ = {isa = PBXFileReference; fileEncoding = 4; lastKnownFileType = sourcecode.cpp.h; path = asio_client.hpp; sourceTree = "<group>"; };
		DD43E231175679C7000FD414 /* asio_no_tls.hpp */ = {isa = PBXFileReference; fileEncoding = 4; lastKnownFileType = sourcecode.cpp.h; path = asio_no_tls.hpp; sourceTree = "<group>"; };
		DD43E232175679C7000FD414 /* asio_no_tls_client.hpp */ = {isa = PBXFileReference; fileEncoding = 4; lastKnownFileType = sourcecode.cpp.h; path = asio_no_tls_client.hpp; sourceTree = "<group>"; };
		DD43E233175679C7000FD414 /* core.hpp */ = {isa = PBXFileReference; fileEncoding = 4; lastKnownFileType = sourcecode.cpp.h; path = core.hpp; sourceTree = "<group>"; };
		DD43E234175679C7000FD414 /* core_client.hpp */ = {isa = PBXFileReference; fileEncoding = 4; lastKnownFileType = sourcecode.cpp.h; path = core_client.hpp; sourceTree = "<group>"; };
		DD43E235175679C7000FD414 /* debug.hpp */ = {isa = PBXFileReference; fileEncoding = 4; lastKnownFileType = sourcecode.cpp.h; path = debug.hpp; sourceTree = "<group>"; };
		DD43E236175679C7000FD414 /* debug_asio.hpp */ = {isa = PBXFileReference; fileEncoding = 4; lastKnownFileType = sourcecode.cpp.h; path = debug_asio.hpp; sourceTree = "<group>"; };
		DD43E237175679C7000FD414 /* debug_asio_no_tls.hpp */ = {isa = PBXFileReference; fileEncoding = 4; lastKnownFileType = sourcecode.cpp.h; path = debug_asio_no_tls.hpp; sourceTree = "<group>"; };
		DD43E238175679C7000FD414 /* connection.hpp */ = {isa = PBXFileReference; fileEncoding = 4; lastKnownFileType = sourcecode.cpp.h; path = connection.hpp; sourceTree = "<group>"; };
		DD43E239175679C7000FD414 /* connection_base.hpp */ = {isa = PBXFileReference; fileEncoding = 4; lastKnownFileType = sourcecode.cpp.h; path = connection_base.hpp; sourceTree = "<group>"; };
		DD43E23A175679C7000FD414 /* endpoint.hpp */ = {isa = PBXFileReference; fileEncoding = 4; lastKnownFileType = sourcecode.cpp.h; path = endpoint.hpp; sourceTree = "<group>"; };
		DD43E23B175679C7000FD414 /* endpoint_base.hpp */ = {isa = PBXFileReference; fileEncoding = 4; lastKnownFileType = sourcecode.cpp.h; path = endpoint_base.hpp; sourceTree = "<group>"; };
		DD43E23C175679C7000FD414 /* error.hpp */ = {isa = PBXFileReference; fileEncoding = 4; lastKnownFileType = sourcecode.cpp.h; path = error.hpp; sourceTree = "<group>"; };
		DD43E23D175679C7000FD414 /* error_container.hpp */ = {isa = PBXFileReference; fileEncoding = 4; lastKnownFileType = sourcecode.cpp.h; path = error_container.hpp; sourceTree = "<group>"; };
		DD43E23F175679C7000FD414 /* extension.hpp */ = {isa = PBXFileReference; fileEncoding = 4; lastKnownFileType = sourcecode.cpp.h; path = extension.hpp; sourceTree = "<group>"; };
		DD43E241175679C7000FD414 /* disabled.hpp */ = {isa = PBXFileReference; fileEncoding = 4; lastKnownFileType = sourcecode.cpp.h; path = disabled.hpp; sourceTree = "<group>"; };
		DD43E242175679C7000FD414 /* enabled.hpp */ = {isa = PBXFileReference; fileEncoding = 4; lastKnownFileType = sourcecode.cpp.h; path = enabled.hpp; sourceTree = "<group>"; };
		DD43E243175679C7000FD414 /* frame.hpp */ = {isa = PBXFileReference; fileEncoding = 4; lastKnownFileType = sourcecode.cpp.h; path = frame.hpp; sourceTree = "<group>"; };
		DD43E245175679C7000FD414 /* constants.hpp */ = {isa = PBXFileReference; fileEncoding = 4; lastKnownFileType = sourcecode.cpp.h; path = constants.hpp; sourceTree = "<group>"; };
		DD43E247175679C7000FD414 /* parser.hpp */ = {isa = PBXFileReference; fileEncoding = 4; lastKnownFileType = sourcecode.cpp.h; path = parser.hpp; sourceTree = "<group>"; };
		DD43E248175679C7000FD414 /* request.hpp */ = {isa = PBXFileReference; fileEncoding = 4; lastKnownFileType = sourcecode.cpp.h; path = request.hpp; sourceTree = "<group>"; };
		DD43E249175679C7000FD414 /* response.hpp */ = {isa = PBXFileReference; fileEncoding = 4; lastKnownFileType = sourcecode.cpp.h; path = response.hpp; sourceTree = "<group>"; };
		DD43E24A175679C7000FD414 /* parser.hpp */ = {isa = PBXFileReference; fileEncoding = 4; lastKnownFileType = sourcecode.cpp.h; path = parser.hpp; sourceTree = "<group>"; };
		DD43E24B175679C7000FD414 /* request.hpp */ = {isa = PBXFileReference; fileEncoding = 4; lastKnownFileType = sourcecode.cpp.h; path = request.hpp; sourceTree = "<group>"; };
		DD43E24C175679C7000FD414 /* response.hpp */ = {isa = PBXFileReference; fileEncoding = 4; lastKnownFileType = sourcecode.cpp.h; path = response.hpp; sourceTree = "<group>"; };
		DD43E24E175679C7000FD414 /* connection_impl.hpp */ = {isa = PBXFileReference; fileEncoding = 4; lastKnownFileType = sourcecode.cpp.h; path = connection_impl.hpp; sourceTree = "<group>"; };
		DD43E24F175679C7000FD414 /* endpoint_impl.hpp */ = {isa = PBXFileReference; fileEncoding = 4; lastKnownFileType = sourcecode.cpp.h; path = endpoint_impl.hpp; sourceTree = "<group>"; };
		DD43E250175679C7000FD414 /* utilities_impl.hpp */ = {isa = PBXFileReference; fileEncoding = 4; lastKnownFileType = sourcecode.cpp.h; path = utilities_impl.hpp; sourceTree = "<group>"; };
		DD43E252175679C7000FD414 /* basic.hpp */ = {isa = PBXFileReference; fileEncoding = 4; lastKnownFileType = sourcecode.cpp.h; path = basic.hpp; sourceTree = "<group>"; };
		DD43E253175679C7000FD414 /* levels.hpp */ = {isa = PBXFileReference; fileEncoding = 4; lastKnownFileType = sourcecode.cpp.h; path = levels.hpp; sourceTree = "<group>"; };
		DD43E254175679C7000FD414 /* stub.hpp */ = {isa = PBXFileReference; fileEncoding = 4; lastKnownFileType = sourcecode.cpp.h; path = stub.hpp; sourceTree = "<group>"; };
		DD43E256175679C7000FD414 /* md5.c */ = {isa = PBXFileReference; fileEncoding = 4; lastKnownFileType = sourcecode.c.c; path = md5.c; sourceTree = "<group>"; };
		DD43E257175679C7000FD414 /* md5.h */ = {isa = PBXFileReference; fileEncoding = 4; lastKnownFileType = sourcecode.c.h; path = md5.h; sourceTree = "<group>"; };
		DD43E258175679C7000FD414 /* md5.hpp */ = {isa = PBXFileReference; fileEncoding = 4; lastKnownFileType = sourcecode.cpp.h; path = md5.hpp; sourceTree = "<group>"; };
		DD43E25A175679C7000FD414 /* alloc.hpp */ = {isa = PBXFileReference; fileEncoding = 4; lastKnownFileType = sourcecode.cpp.h; path = alloc.hpp; sourceTree = "<group>"; };
		DD43E25B175679C7000FD414 /* message.hpp */ = {isa = PBXFileReference; fileEncoding = 4; lastKnownFileType = sourcecode.cpp.h; path = message.hpp; sourceTree = "<group>"; };
		DD43E25C175679C7000FD414 /* pool.hpp */ = {isa = PBXFileReference; fileEncoding = 4; lastKnownFileType = sourcecode.cpp.h; path = pool.hpp; sourceTree = "<group>"; };
		DD43E25E175679C7000FD414 /* base.hpp */ = {isa = PBXFileReference; fileEncoding = 4; lastKnownFileType = sourcecode.cpp.h; path = base.hpp; sourceTree = "<group>"; };
		DD43E25F175679C7000FD414 /* hybi00.hpp */ = {isa = PBXFileReference; fileEncoding = 4; lastKnownFileType = sourcecode.cpp.h; path = hybi00.hpp; sourceTree = "<group>"; };
		DD43E260175679C7000FD414 /* hybi07.hpp */ = {isa = PBXFileReference; fileEncoding = 4; lastKnownFileType = sourcecode.cpp.h; path = hybi07.hpp; sourceTree = "<group>"; };
		DD43E261175679C7000FD414 /* hybi08.hpp */ = {isa = PBXFileReference; fileEncoding = 4; lastKnownFileType = sourcecode.cpp.h; path = hybi08.hpp; sourceTree = "<group>"; };
		DD43E262175679C7000FD414 /* hybi13.hpp */ = {isa = PBXFileReference; fileEncoding = 4; lastKnownFileType = sourcecode.cpp.h; path = hybi13.hpp; sourceTree = "<group>"; };
		DD43E263175679C7000FD414 /* processor.hpp */ = {isa = PBXFileReference; fileEncoding = 4; lastKnownFileType = sourcecode.cpp.h; path = processor.hpp; sourceTree = "<group>"; };
		DD43E265175679C7000FD414 /* none.hpp */ = {isa = PBXFileReference; fileEncoding = 4; lastKnownFileType = sourcecode.cpp.h; path = none.hpp; sourceTree = "<group>"; };
		DD43E266175679C7000FD414 /* random_device.hpp */ = {isa = PBXFileReference; fileEncoding = 4; lastKnownFileType = sourcecode.cpp.h; path = random_device.hpp; sourceTree = "<group>"; };
		DD43E268175679C7000FD414 /* client.hpp */ = {isa = PBXFileReference; fileEncoding = 4; lastKnownFileType = sourcecode.cpp.h; path = client.hpp; sourceTree = "<group>"; };
		DD43E269175679C7000FD414 /* client_endpoint.hpp */ = {isa = PBXFileReference; fileEncoding = 4; lastKnownFileType = sourcecode.cpp.h; path = client_endpoint.hpp; sourceTree = "<group>"; };
		DD43E26A175679C7000FD414 /* server.hpp */ = {isa = PBXFileReference; fileEncoding = 4; lastKnownFileType = sourcecode.cpp.h; path = server.hpp; sourceTree = "<group>"; };
		DD43E26B175679C7000FD414 /* server_endpoint.hpp */ = {isa = PBXFileReference; fileEncoding = 4; lastKnownFileType = sourcecode.cpp.h; path = server_endpoint.hpp; sourceTree = "<group>"; };
		DD43E26C175679C7000FD414 /* server.hpp */ = {isa = PBXFileReference; fileEncoding = 4; lastKnownFileType = sourcecode.cpp.h; path = server.hpp; sourceTree = "<group>"; };
		DD43E279175679C7000FD414 /* base.hpp */ = {isa = PBXFileReference; fileEncoding = 4; lastKnownFileType = sourcecode.cpp.h; path = base.hpp; sourceTree = "<group>"; };
		DD43E27A175679C7000FD414 /* connection.hpp */ = {isa = PBXFileReference; fileEncoding = 4; lastKnownFileType = sourcecode.cpp.h; path = connection.hpp; sourceTree = "<group>"; };
		DD43E27B175679C7000FD414 /* endpoint.hpp */ = {isa = PBXFileReference; fileEncoding = 4; lastKnownFileType = sourcecode.cpp.h; path = endpoint.hpp; sourceTree = "<group>"; };
		DD43E27D175679C7000FD414 /* base.hpp */ = {isa = PBXFileReference; fileEncoding = 4; lastKnownFileType = sourcecode.cpp.h; path = base.hpp; sourceTree = "<group>"; };
		DD43E27E175679C7000FD414 /* none.hpp */ = {isa = PBXFileReference; fileEncoding = 4; lastKnownFileType = sourcecode.cpp.h; path = none.hpp; sourceTree = "<group>"; };
		DD43E27F175679C7000FD414 /* tls.hpp */ = {isa = PBXFileReference; fileEncoding = 4; lastKnownFileType = sourcecode.cpp.h; path = tls.hpp; sourceTree = "<group>"; };
		DD43E281175679C7000FD414 /* connection.hpp */ = {isa = PBXFileReference; fileEncoding = 4; lastKnownFileType = sourcecode.cpp.h; path = connection.hpp; sourceTree = "<group>"; };
		DD43E282175679C7000FD414 /* endpoint.hpp */ = {isa = PBXFileReference; fileEncoding = 4; lastKnownFileType = sourcecode.cpp.h; path = endpoint.hpp; sourceTree = "<group>"; };
		DD43E284175679C7000FD414 /* base.hpp */ = {isa = PBXFileReference; fileEncoding = 4; lastKnownFileType = sourcecode.cpp.h; path = base.hpp; sourceTree = "<group>"; };
		DD43E285175679C7000FD414 /* connection.hpp */ = {isa = PBXFileReference; fileEncoding = 4; lastKnownFileType = sourcecode.cpp.h; path = connection.hpp; sourceTree = "<group>"; };
		DD43E286175679C7000FD414 /* endpoint.hpp */ = {isa = PBXFileReference; fileEncoding = 4; lastKnownFileType = sourcecode.cpp.h; path = endpoint.hpp; sourceTree = "<group>"; };
		DD43E287175679C7000FD414 /* uri.hpp */ = {isa = PBXFileReference; fileEncoding = 4; lastKnownFileType = sourcecode.cpp.h; path = uri.hpp; sourceTree = "<group>"; };
		DD43E288175679C7000FD414 /* utf8_validator.hpp */ = {isa = PBXFileReference; fileEncoding = 4; lastKnownFileType = sourcecode.cpp.h; path = utf8_validator.hpp; sourceTree = "<group>"; };
		DD43E289175679C7000FD414 /* utilities.hpp */ = {isa = PBXFileReference; fileEncoding = 4; lastKnownFileType = sourcecode.cpp.h; path = utilities.hpp; sourceTree = "<group>"; };
		DD43E28A175679C7000FD414 /* WebSocketServer.cpp */ = {isa = PBXFileReference; fileEncoding = 4; lastKnownFileType = sourcecode.cpp.cpp; path = WebSocketServer.cpp; sourceTree = "<group>"; };
		DD43E28B175679C7000FD414 /* WebSocketServer.h */ = {isa = PBXFileReference; fileEncoding = 4; lastKnownFileType = sourcecode.c.h; path = WebSocketServer.h; sourceTree = "<group>"; };
/* End PBXFileReference section */

/* Begin PBXFrameworksBuildPhase section */
		8D11072E0486CEB800E47090 /* Frameworks */ = {
			isa = PBXFrameworksBuildPhase;
			buildActionMask = 2147483647;
			files = (
				00E9FF3515AFD8E800D02D22 /* CoreLocation.framework in Frameworks */,
				8D11072F0486CEB800E47090 /* Cocoa.framework in Frameworks */,
				0091D8F90E81B9330029341E /* OpenGL.framework in Frameworks */,
				53E3CDFC0E86099300238D2B /* Carbon.framework in Frameworks */,
				5323E6B20EAFCA74003A9687 /* CoreVideo.framework in Frameworks */,
				5323E6B60EAFCA7E003A9687 /* QTKit.framework in Frameworks */,
				0097E3E50F3E9819005A4392 /* QuickTime.framework in Frameworks */,
				00E0B6150F60DE8F002C8FBD /* ApplicationServices.framework in Frameworks */,
				00C0735B0FF32F8B004801EA /* Accelerate.framework in Frameworks */,
				00C0735C0FF32F8B004801EA /* AudioToolbox.framework in Frameworks */,
				00C0735D0FF32F8B004801EA /* AudioUnit.framework in Frameworks */,
				00C0735E0FF32F8B004801EA /* CoreAudio.framework in Frameworks */,
				DD43E28F175679C7000FD414 /* libboost_random.a in Frameworks */,
				DD43E290175679C7000FD414 /* libboost_regex.a in Frameworks */,
				DD43E291175679C7000FD414 /* libboost_random-vc110-mt-s-1_53.lib in Frameworks */,
				DD43E292175679C7000FD414 /* libboost_random-vc110-mt-sgd-1_53.lib in Frameworks */,
			);
			runOnlyForDeploymentPostprocessing = 0;
		};
/* End PBXFrameworksBuildPhase section */

/* Begin PBXGroup section */
		080E96DDFE201D6D7F000001 /* Source */ = {
			isa = PBXGroup;
			children = (
				BF3B8D68173A19EA00377DF5 /* example_Button.cpp */,
			);
			name = Source;
			sourceTree = "<group>";
		};
		1058C7A0FEA54F0111CA2CBB /* Linked Frameworks */ = {
			isa = PBXGroup;
			children = (
				00E9FF3415AFD8E700D02D22 /* CoreLocation.framework */,
				00C073570FF32F8B004801EA /* Accelerate.framework */,
				00C073580FF32F8B004801EA /* AudioToolbox.framework */,
				00C073590FF32F8B004801EA /* AudioUnit.framework */,
				00C0735A0FF32F8B004801EA /* CoreAudio.framework */,
				00E0B6140F60DE8F002C8FBD /* ApplicationServices.framework */,
				0097E3E40F3E9819005A4392 /* QuickTime.framework */,
				5323E6B50EAFCA7E003A9687 /* QTKit.framework */,
				5323E6B10EAFCA74003A9687 /* CoreVideo.framework */,
				53E3CDFB0E86099300238D2B /* Carbon.framework */,
				0091D8F80E81B9330029341E /* OpenGL.framework */,
				1058C7A1FEA54F0111CA2CBB /* Cocoa.framework */,
			);
			name = "Linked Frameworks";
			sourceTree = "<group>";
		};
		1058C7A2FEA54F0111CA2CBB /* Other Frameworks */ = {
			isa = PBXGroup;
			children = (
				29B97324FDCFA39411CA2CEA /* AppKit.framework */,
				13E42FB307B3F0F600E4EEF1 /* CoreData.framework */,
				29B97325FDCFA39411CA2CEA /* Foundation.framework */,
			);
			name = "Other Frameworks";
			sourceTree = "<group>";
		};
		19C28FACFE9D520D11CA2CBB /* Products */ = {
			isa = PBXGroup;
			children = (
				8D1107320486CEB800E47090 /* example_Button.app */,
			);
			name = Products;
			sourceTree = "<group>";
		};
		29B97314FDCFA39411CA2CEA /* basicApp */ = {
			isa = PBXGroup;
			children = (
				BF3B8C67173A18AC00377DF5 /* Blocks */,
				080E96DDFE201D6D7F000001 /* Source */,
				29B97315FDCFA39411CA2CEA /* Other Sources */,
				29B97317FDCFA39411CA2CEA /* Resources */,
				29B97323FDCFA39411CA2CEA /* Frameworks */,
				19C28FACFE9D520D11CA2CBB /* Products */,
			);
			name = basicApp;
			sourceTree = "<group>";
		};
		29B97315FDCFA39411CA2CEA /* Other Sources */ = {
			isa = PBXGroup;
			children = (
				B399D1761745E09200CF0AA4 /* example_Button_Prefix.pch */,
			);
			name = "Other Sources";
			sourceTree = "<group>";
		};
		29B97317FDCFA39411CA2CEA /* Resources */ = {
			isa = PBXGroup;
			children = (
				BF3B8D6A173A1A0000377DF5 /* CinderApp.icns */,
				8D1107310486CEB800E47090 /* Info.plist */,
			);
			name = Resources;
			sourceTree = "<group>";
		};
		29B97323FDCFA39411CA2CEA /* Frameworks */ = {
			isa = PBXGroup;
			children = (
				1058C7A0FEA54F0111CA2CBB /* Linked Frameworks */,
				1058C7A2FEA54F0111CA2CBB /* Other Frameworks */,
			);
			name = Frameworks;
			sourceTree = "<group>";
		};
		B37AF0851745DDAB0034F35F /* ciSpaceBrew */ = {
			isa = PBXGroup;
			children = (
				B37AF0861745DDC30034F35F /* ciSpaceBrew.cpp */,
				B37AF0871745DDC30034F35F /* ciSpaceBrew.h */,
			);
			name = ciSpaceBrew;
			sourceTree = "<group>";
		};
		BF3B8C67173A18AC00377DF5 /* Blocks */ = {
			isa = PBXGroup;
			children = (
				DD43E1E4175679C6000FD414 /* Cinder-WebSocketPP */,
				B37AF0851745DDAB0034F35F /* ciSpaceBrew */,
			);
			name = Blocks;
			sourceTree = "<group>";
		};
		DD43E1E4175679C6000FD414 /* Cinder-WebSocketPP */ = {
			isa = PBXGroup;
			children = (
				DD43E1E8175679C6000FD414 /* lib */,
				DD43E211175679C7000FD414 /* src */,
			);
			name = "Cinder-WebSocketPP";
			path = "../../../../Cinder-WebSocketPP";
			sourceTree = "<group>";
		};
		DD43E1E8175679C6000FD414 /* lib */ = {
			isa = PBXGroup;
			children = (
				DD43E1E9175679C6000FD414 /* macosx */,
				DD43E1EC175679C6000FD414 /* msw */,
			);
			path = lib;
			sourceTree = "<group>";
		};
		DD43E1E9175679C6000FD414 /* macosx */ = {
			isa = PBXGroup;
			children = (
				DD43E1EA175679C6000FD414 /* libboost_random.a */,
				DD43E1EB175679C6000FD414 /* libboost_regex.a */,
			);
			path = macosx;
			sourceTree = "<group>";
		};
		DD43E1EC175679C6000FD414 /* msw */ = {
			isa = PBXGroup;
			children = (
				DD43E1ED175679C6000FD414 /* libboost_random-vc110-mt-s-1_53.lib */,
				DD43E1EE175679C6000FD414 /* libboost_random-vc110-mt-sgd-1_53.lib */,
			);
			path = msw;
			sourceTree = "<group>";
		};
		DD43E211175679C7000FD414 /* src */ = {
			isa = PBXGroup;
			children = (
				DD43E212175679C7000FD414 /* WebSocketClient.cpp */,
				DD43E213175679C7000FD414 /* WebSocketClient.h */,
				DD43E214175679C7000FD414 /* WebSocketConnection.cpp */,
				DD43E215175679C7000FD414 /* WebSocketConnection.h */,
				DD43E216175679C7000FD414 /* websocketpp */,
				DD43E28A175679C7000FD414 /* WebSocketServer.cpp */,
				DD43E28B175679C7000FD414 /* WebSocketServer.h */,
			);
			path = src;
			sourceTree = "<group>";
		};
		DD43E216175679C7000FD414 /* websocketpp */ = {
			isa = PBXGroup;
			children = (
				DD43E217175679C7000FD414 /* base64 */,
				DD43E21B175679C7000FD414 /* client.hpp */,
				DD43E21C175679C7000FD414 /* close.hpp */,
				DD43E21D175679C7000FD414 /* common */,
				DD43E22A175679C7000FD414 /* common.hpp */,
				DD43E22B175679C7000FD414 /* concurrency */,
				DD43E22E175679C7000FD414 /* config */,
				DD43E238175679C7000FD414 /* connection.hpp */,
				DD43E239175679C7000FD414 /* connection_base.hpp */,
				DD43E23A175679C7000FD414 /* endpoint.hpp */,
				DD43E23B175679C7000FD414 /* endpoint_base.hpp */,
				DD43E23C175679C7000FD414 /* error.hpp */,
				DD43E23D175679C7000FD414 /* error_container.hpp */,
				DD43E23E175679C7000FD414 /* extensions */,
				DD43E243175679C7000FD414 /* frame.hpp */,
				DD43E244175679C7000FD414 /* http */,
				DD43E24D175679C7000FD414 /* impl */,
				DD43E251175679C7000FD414 /* logger */,
				DD43E255175679C7000FD414 /* md5 */,
				DD43E259175679C7000FD414 /* message_buffer */,
				DD43E25D175679C7000FD414 /* processors */,
				DD43E264175679C7000FD414 /* random */,
				DD43E267175679C7000FD414 /* roles */,
				DD43E26C175679C7000FD414 /* server.hpp */,
				DD43E277175679C7000FD414 /* transport */,
				DD43E287175679C7000FD414 /* uri.hpp */,
				DD43E288175679C7000FD414 /* utf8_validator.hpp */,
				DD43E289175679C7000FD414 /* utilities.hpp */,
			);
			path = websocketpp;
			sourceTree = "<group>";
		};
		DD43E217175679C7000FD414 /* base64 */ = {
			isa = PBXGroup;
			children = (
				DD43E218175679C7000FD414 /* base64.cpp */,
				DD43E219175679C7000FD414 /* base64.h */,
				DD43E21A175679C7000FD414 /* base64.hpp */,
			);
			path = base64;
			sourceTree = "<group>";
		};
		DD43E21D175679C7000FD414 /* common */ = {
			isa = PBXGroup;
			children = (
				DD43E21E175679C7000FD414 /* chrono.hpp */,
				DD43E21F175679C7000FD414 /* connection_hdl.hpp */,
				DD43E220175679C7000FD414 /* cpp11.hpp */,
				DD43E221175679C7000FD414 /* functional.hpp */,
				DD43E222175679C7000FD414 /* memory.hpp */,
				DD43E223175679C7000FD414 /* network.hpp */,
				DD43E224175679C7000FD414 /* platforms.hpp */,
				DD43E225175679C7000FD414 /* random.hpp */,
				DD43E226175679C7000FD414 /* regex.hpp */,
				DD43E227175679C7000FD414 /* stdint.hpp */,
				DD43E228175679C7000FD414 /* system_error.hpp */,
				DD43E229175679C7000FD414 /* thread.hpp */,
			);
			path = common;
			sourceTree = "<group>";
		};
		DD43E22B175679C7000FD414 /* concurrency */ = {
			isa = PBXGroup;
			children = (
				DD43E22C175679C7000FD414 /* basic.hpp */,
				DD43E22D175679C7000FD414 /* none.hpp */,
			);
			path = concurrency;
			sourceTree = "<group>";
		};
		DD43E22E175679C7000FD414 /* config */ = {
			isa = PBXGroup;
			children = (
				DD43E22F175679C7000FD414 /* asio.hpp */,
				DD43E230175679C7000FD414 /* asio_client.hpp */,
				DD43E231175679C7000FD414 /* asio_no_tls.hpp */,
				DD43E232175679C7000FD414 /* asio_no_tls_client.hpp */,
				DD43E233175679C7000FD414 /* core.hpp */,
				DD43E234175679C7000FD414 /* core_client.hpp */,
				DD43E235175679C7000FD414 /* debug.hpp */,
				DD43E236175679C7000FD414 /* debug_asio.hpp */,
				DD43E237175679C7000FD414 /* debug_asio_no_tls.hpp */,
			);
			path = config;
			sourceTree = "<group>";
		};
		DD43E23E175679C7000FD414 /* extensions */ = {
			isa = PBXGroup;
			children = (
				DD43E23F175679C7000FD414 /* extension.hpp */,
				DD43E240175679C7000FD414 /* permessage_deflate */,
			);
			path = extensions;
			sourceTree = "<group>";
		};
		DD43E240175679C7000FD414 /* permessage_deflate */ = {
			isa = PBXGroup;
			children = (
				DD43E241175679C7000FD414 /* disabled.hpp */,
				DD43E242175679C7000FD414 /* enabled.hpp */,
			);
			path = permessage_deflate;
			sourceTree = "<group>";
		};
		DD43E244175679C7000FD414 /* http */ = {
			isa = PBXGroup;
			children = (
				DD43E245175679C7000FD414 /* constants.hpp */,
				DD43E246175679C7000FD414 /* impl */,
				DD43E24A175679C7000FD414 /* parser.hpp */,
				DD43E24B175679C7000FD414 /* request.hpp */,
				DD43E24C175679C7000FD414 /* response.hpp */,
			);
			path = http;
			sourceTree = "<group>";
		};
		DD43E246175679C7000FD414 /* impl */ = {
			isa = PBXGroup;
			children = (
				DD43E247175679C7000FD414 /* parser.hpp */,
				DD43E248175679C7000FD414 /* request.hpp */,
				DD43E249175679C7000FD414 /* response.hpp */,
			);
			path = impl;
			sourceTree = "<group>";
		};
		DD43E24D175679C7000FD414 /* impl */ = {
			isa = PBXGroup;
			children = (
				DD43E24E175679C7000FD414 /* connection_impl.hpp */,
				DD43E24F175679C7000FD414 /* endpoint_impl.hpp */,
				DD43E250175679C7000FD414 /* utilities_impl.hpp */,
			);
			path = impl;
			sourceTree = "<group>";
		};
		DD43E251175679C7000FD414 /* logger */ = {
			isa = PBXGroup;
			children = (
				DD43E252175679C7000FD414 /* basic.hpp */,
				DD43E253175679C7000FD414 /* levels.hpp */,
				DD43E254175679C7000FD414 /* stub.hpp */,
			);
			path = logger;
			sourceTree = "<group>";
		};
		DD43E255175679C7000FD414 /* md5 */ = {
			isa = PBXGroup;
			children = (
				DD43E256175679C7000FD414 /* md5.c */,
				DD43E257175679C7000FD414 /* md5.h */,
				DD43E258175679C7000FD414 /* md5.hpp */,
			);
			path = md5;
			sourceTree = "<group>";
		};
		DD43E259175679C7000FD414 /* message_buffer */ = {
			isa = PBXGroup;
			children = (
				DD43E25A175679C7000FD414 /* alloc.hpp */,
				DD43E25B175679C7000FD414 /* message.hpp */,
				DD43E25C175679C7000FD414 /* pool.hpp */,
			);
			path = message_buffer;
			sourceTree = "<group>";
		};
		DD43E25D175679C7000FD414 /* processors */ = {
			isa = PBXGroup;
			children = (
				DD43E25E175679C7000FD414 /* base.hpp */,
				DD43E25F175679C7000FD414 /* hybi00.hpp */,
				DD43E260175679C7000FD414 /* hybi07.hpp */,
				DD43E261175679C7000FD414 /* hybi08.hpp */,
				DD43E262175679C7000FD414 /* hybi13.hpp */,
				DD43E263175679C7000FD414 /* processor.hpp */,
			);
			path = processors;
			sourceTree = "<group>";
		};
		DD43E264175679C7000FD414 /* random */ = {
			isa = PBXGroup;
			children = (
				DD43E265175679C7000FD414 /* none.hpp */,
				DD43E266175679C7000FD414 /* random_device.hpp */,
			);
			path = random;
			sourceTree = "<group>";
		};
		DD43E267175679C7000FD414 /* roles */ = {
			isa = PBXGroup;
			children = (
				DD43E268175679C7000FD414 /* client.hpp */,
				DD43E269175679C7000FD414 /* client_endpoint.hpp */,
				DD43E26A175679C7000FD414 /* server.hpp */,
				DD43E26B175679C7000FD414 /* server_endpoint.hpp */,
			);
			path = roles;
			sourceTree = "<group>";
		};
		DD43E277175679C7000FD414 /* transport */ = {
			isa = PBXGroup;
			children = (
				DD43E278175679C7000FD414 /* asio */,
				DD43E280175679C7000FD414 /* base */,
				DD43E283175679C7000FD414 /* iostream */,
			);
			path = transport;
			sourceTree = "<group>";
		};
		DD43E278175679C7000FD414 /* asio */ = {
			isa = PBXGroup;
			children = (
				DD43E279175679C7000FD414 /* base.hpp */,
				DD43E27A175679C7000FD414 /* connection.hpp */,
				DD43E27B175679C7000FD414 /* endpoint.hpp */,
				DD43E27C175679C7000FD414 /* security */,
			);
			path = asio;
			sourceTree = "<group>";
		};
		DD43E27C175679C7000FD414 /* security */ = {
			isa = PBXGroup;
			children = (
				DD43E27D175679C7000FD414 /* base.hpp */,
				DD43E27E175679C7000FD414 /* none.hpp */,
				DD43E27F175679C7000FD414 /* tls.hpp */,
			);
			path = security;
			sourceTree = "<group>";
		};
		DD43E280175679C7000FD414 /* base */ = {
			isa = PBXGroup;
			children = (
				DD43E281175679C7000FD414 /* connection.hpp */,
				DD43E282175679C7000FD414 /* endpoint.hpp */,
			);
			path = base;
			sourceTree = "<group>";
		};
		DD43E283175679C7000FD414 /* iostream */ = {
			isa = PBXGroup;
			children = (
				DD43E284175679C7000FD414 /* base.hpp */,
				DD43E285175679C7000FD414 /* connection.hpp */,
				DD43E286175679C7000FD414 /* endpoint.hpp */,
			);
			path = iostream;
			sourceTree = "<group>";
		};
/* End PBXGroup section */

/* Begin PBXNativeTarget section */
		8D1107260486CEB800E47090 /* example_Button */ = {
			isa = PBXNativeTarget;
			buildConfigurationList = C01FCF4A08A954540054247B /* Build configuration list for PBXNativeTarget "example_Button" */;
			buildPhases = (
				8D1107290486CEB800E47090 /* Resources */,
				8D11072C0486CEB800E47090 /* Sources */,
				8D11072E0486CEB800E47090 /* Frameworks */,
			);
			buildRules = (
			);
			dependencies = (
			);
			name = example_Button;
			productInstallPath = "$(HOME)/Applications";
			productName = basicApp;
			productReference = 8D1107320486CEB800E47090 /* example_Button.app */;
			productType = "com.apple.product-type.application";
		};
/* End PBXNativeTarget section */

/* Begin PBXProject section */
		29B97313FDCFA39411CA2CEA /* Project object */ = {
			isa = PBXProject;
			attributes = {
				LastUpgradeCheck = 0460;
			};
			buildConfigurationList = C01FCF4E08A954540054247B /* Build configuration list for PBXProject "example_Button" */;
			compatibilityVersion = "Xcode 3.2";
			developmentRegion = English;
			hasScannedForEncodings = 1;
			knownRegions = (
				English,
				Japanese,
				French,
				German,
			);
			mainGroup = 29B97314FDCFA39411CA2CEA /* basicApp */;
			projectDirPath = "";
			projectRoot = "";
			targets = (
				8D1107260486CEB800E47090 /* example_Button */,
			);
		};
/* End PBXProject section */

/* Begin PBXResourcesBuildPhase section */
		8D1107290486CEB800E47090 /* Resources */ = {
			isa = PBXResourcesBuildPhase;
			buildActionMask = 2147483647;
			files = (
				BF3B8D6B173A1A0000377DF5 /* CinderApp.icns in Resources */,
			);
			runOnlyForDeploymentPostprocessing = 0;
		};
/* End PBXResourcesBuildPhase section */

/* Begin PBXSourcesBuildPhase section */
		8D11072C0486CEB800E47090 /* Sources */ = {
			isa = PBXSourcesBuildPhase;
			buildActionMask = 2147483647;
			files = (
				BF3B8D69173A19EA00377DF5 /* example_Button.cpp in Sources */,
				B37AF0881745DDC30034F35F /* ciSpaceBrew.cpp in Sources */,
				DD43E2A4175679C7000FD414 /* WebSocketClient.cpp in Sources */,
				DD43E2A5175679C7000FD414 /* WebSocketConnection.cpp in Sources */,
				DD43E2A6175679C7000FD414 /* base64.cpp in Sources */,
				DD43E2A7175679C7000FD414 /* md5.c in Sources */,
				DD43E2AF175679C7000FD414 /* WebSocketServer.cpp in Sources */,
			);
			runOnlyForDeploymentPostprocessing = 0;
		};
/* End PBXSourcesBuildPhase section */

/* Begin XCBuildConfiguration section */
		C01FCF4B08A954540054247B /* Debug */ = {
			isa = XCBuildConfiguration;
			buildSettings = {
				ARCHS = "$(ARCHS_STANDARD_32_64_BIT)";
				CLANG_CXX_LIBRARY = "libc++";
				COMBINE_HIDPI_IMAGES = YES;
				COPY_PHASE_STRIP = NO;
				DEAD_CODE_STRIPPING = NO;
				DEBUG_INFORMATION_FORMAT = dwarf;
				GCC_DYNAMIC_NO_PIC = NO;
				GCC_INLINES_ARE_PRIVATE_EXTERN = YES;
				GCC_OPTIMIZATION_LEVEL = 0;
				GCC_PRECOMPILE_PREFIX_HEADER = YES;
				GCC_PREFIX_HEADER = example_Button_Prefix.pch;
				GCC_SYMBOLS_PRIVATE_EXTERN = NO;
				HEADER_SEARCH_PATHS = "$(CINDER_PATH)/boost";
				INFOPLIST_FILE = Info.plist;
				INSTALL_PATH = "$(HOME)/Applications";
				LIBRARY_SEARCH_PATHS = (
					"$(inherited)",
					"\"$(SRCROOT)/../../../../Cinder-WebSocketPP/lib/macosx\"",
					"\"$(SRCROOT)/../../../../Cinder-WebSocketPP/lib/msw\"",
				);
				OTHER_LDFLAGS = (
					"$(CINDER_PATH)/lib/libcinder_d.a",
					"$(CINDER_PATH)/blocks/Cinder-WebSocketPP/lib/macosx/libboost_random.a",
					"$(CINDER_PATH)/blocks/Cinder-WebSocketPP/lib/macosx/libboost_regex.a",
				);
				PRODUCT_NAME = example_Button;
				SDKROOT = "";
				USER_HEADER_SEARCH_PATHS = "$(CINDER_PATH)/include $(CINDER_PATH)/blocks/Cinder-WebSocketPP/src";
				WRAPPER_EXTENSION = app;
			};
			name = Debug;
		};
		C01FCF4C08A954540054247B /* Release */ = {
			isa = XCBuildConfiguration;
			buildSettings = {
				ARCHS = "$(ARCHS_STANDARD_32_64_BIT)";
				CLANG_CXX_LIBRARY = "libc++";
				COMBINE_HIDPI_IMAGES = YES;
				DEAD_CODE_STRIPPING = YES;
				DEBUG_INFORMATION_FORMAT = dwarf;
				GCC_FAST_MATH = YES;
				GCC_INLINES_ARE_PRIVATE_EXTERN = YES;
				GCC_OPTIMIZATION_LEVEL = 3;
				GCC_PRECOMPILE_PREFIX_HEADER = YES;
				GCC_PREFIX_HEADER = example_Button_Prefix.pch;
				GCC_SYMBOLS_PRIVATE_EXTERN = NO;
				HEADER_SEARCH_PATHS = "$(CINDER_PATH)/boost";
				INFOPLIST_FILE = Info.plist;
				INSTALL_PATH = "$(HOME)/Applications";
				LD_GENERATE_MAP_FILE = YES;
				LIBRARY_SEARCH_PATHS = (
					"$(inherited)",
					"\"$(SRCROOT)/../../../../Cinder-WebSocketPP/lib/macosx\"",
					"\"$(SRCROOT)/../../../../Cinder-WebSocketPP/lib/msw\"",
				);
				OTHER_CPLUSPLUSFLAGS = "$(OTHER_CFLAGS)";
				OTHER_LDFLAGS = (
					"$(CINDER_PATH)/lib/libcinder.a",
					"$(CINDER_PATH)/blocks/Cinder-WebSocketPP/lib/macosx/libboost_random.a",
					"$(CINDER_PATH)/blocks/Cinder-WebSocketPP/lib/macosx/libboost_regex.a",
				);
				PRESERVE_DEAD_CODE_INITS_AND_TERMS = NO;
				PRODUCT_NAME = example_Button;
				SDKROOT = "";
				STRIP_INSTALLED_PRODUCT = YES;
				USER_HEADER_SEARCH_PATHS = "$(CINDER_PATH)/include $(CINDER_PATH)/blocks/Cinder-WebSocketPP/src";
				WRAPPER_EXTENSION = app;
			};
			name = Release;
		};
		C01FCF4F08A954540054247B /* Debug */ = {
			isa = XCBuildConfiguration;
			buildSettings = {
				ARCHS = "$(ARCHS_STANDARD_32_64_BIT)";
				CINDER_PATH = ../../../../..;
				CLANG_CXX_LANGUAGE_STANDARD = "c++0x";
				GCC_WARN_ABOUT_RETURN_TYPE = YES;
				GCC_WARN_UNUSED_VARIABLE = YES;
				HEADER_SEARCH_PATHS = "$(CINDER_PATH)/boost";
				LIBRARY_SEARCH_PATHS = "$(CINDER_PATH)/blocks/Cinder-WebSocketPP/lib/macosx";
				MACOSX_DEPLOYMENT_TARGET = 10.7;
				OTHER_LDFLAGS = "";
				SDKROOT = "";
				SYMROOT = ./build;
				USER_HEADER_SEARCH_PATHS = "$(CINDER_PATH)/include $(CINDER_PATH)/blocks/Cinder-WebSocketPP/src";
			};
			name = Debug;
		};
		C01FCF5008A954540054247B /* Release */ = {
			isa = XCBuildConfiguration;
			buildSettings = {
				ARCHS = "$(ARCHS_STANDARD_32_64_BIT)";
				CINDER_PATH = ../../../../..;
				CLANG_CXX_LANGUAGE_STANDARD = "c++0x";
				GCC_WARN_ABOUT_RETURN_TYPE = YES;
				GCC_WARN_UNUSED_VARIABLE = YES;
				HEADER_SEARCH_PATHS = "$(CINDER_PATH)/boost";
				LIBRARY_SEARCH_PATHS = "$(CINDER_PATH)/blocks/Cinder-WebSocketPP/lib/macosx";
				MACOSX_DEPLOYMENT_TARGET = 10.7;
				OTHER_LDFLAGS = "";
				SDKROOT = "";
				SYMROOT = ./build;
				USER_HEADER_SEARCH_PATHS = "$(CINDER_PATH)/include $(CINDER_PATH)/blocks/Cinder-WebSocketPP/src";
			};
			name = Release;
		};
/* End XCBuildConfiguration section */

/* Begin XCConfigurationList section */
		C01FCF4A08A954540054247B /* Build configuration list for PBXNativeTarget "example_Button" */ = {
			isa = XCConfigurationList;
			buildConfigurations = (
				C01FCF4B08A954540054247B /* Debug */,
				C01FCF4C08A954540054247B /* Release */,
			);
			defaultConfigurationIsVisible = 0;
			defaultConfigurationName = Release;
		};
		C01FCF4E08A954540054247B /* Build configuration list for PBXProject "example_Button" */ = {
			isa = XCConfigurationList;
			buildConfigurations = (
				C01FCF4F08A954540054247B /* Debug */,
				C01FCF5008A954540054247B /* Release */,
			);
			defaultConfigurationIsVisible = 0;
			defaultConfigurationName = Release;
		};
/* End XCConfigurationList section */
	};
	rootObject = 29B97313FDCFA39411CA2CEA /* Project object */;
}
